
Microsoft Visual Studio Solution File, Format Version 12.00
# Visual Studio Version 17
VisualStudioVersion = 17.0.31903.59
MinimumVisualStudioVersion = 10.0.40219.1
Project("{FAE04EC0-301F-11D3-BF4B-00C04F79EFBC}") = "2022", "2022\2022.csproj", "{0309A474-19CD-468F-A622-F6F230897265}"
EndProject
Project("{FAE04EC0-301F-11D3-BF4B-00C04F79EFBC}") = "2021", "2021\2021.csproj", "{19B87170-925D-45E8-AE88-56C75C03482A}"
EndProject
Project("{FAE04EC0-301F-11D3-BF4B-00C04F79EFBC}") = "2019", "2019\2019.csproj", "{6EEEC210-97D4-4F9A-9E5E-9E4602C32E52}"
EndProject
Project("{FAE04EC0-301F-11D3-BF4B-00C04F79EFBC}") = "Benchmark", "Benchmark\Benchmark.csproj", "{53E80133-D9FD-445F-B548-7C7081CDBB26}"
EndProject
Project("{FAE04EC0-301F-11D3-BF4B-00C04F79EFBC}") = "2015", "2015\2015.csproj", "{30ABFE8C-3E8C-41DD-89FB-814EA123A55E}"
EndProject
Project("{FAE04EC0-301F-11D3-BF4B-00C04F79EFBC}") = "Utils", "Utils\Utils.csproj", "{8E402FF2-6B80-4CCD-99C7-B95D4030498C}"
EndProject
Project("{FAE04EC0-301F-11D3-BF4B-00C04F79EFBC}") = "2023", "2023\2023.csproj", "{3D715368-242A-479D-A7FB-FDE5BAC16B99}"
EndProject
Project("{FAE04EC0-301F-11D3-BF4B-00C04F79EFBC}") = "2024", "2024\2024.csproj", "{FF11955E-C0CC-4CB2-B877-6B82D3CB6E05}"
EndProject
Project("{FAE04EC0-301F-11D3-BF4B-00C04F79EFBC}") = "2025", "2025\2025.csproj", "{34B55FF9-F43E-4C2E-BE39-D642C7340E47}"
EndProject
Global
	GlobalSection(SolutionConfigurationPlatforms) = preSolution
		Debug|Any CPU = Debug|Any CPU
		Debug|x64 = Debug|x64
		Debug|x86 = Debug|x86
		Release|Any CPU = Release|Any CPU
		Release|x64 = Release|x64
		Release|x86 = Release|x86
	EndGlobalSection
	GlobalSection(ProjectConfigurationPlatforms) = postSolution
		{0309A474-19CD-468F-A622-F6F230897265}.Debug|Any CPU.ActiveCfg = Debug|Any CPU
		{0309A474-19CD-468F-A622-F6F230897265}.Debug|Any CPU.Build.0 = Debug|Any CPU
		{0309A474-19CD-468F-A622-F6F230897265}.Debug|x64.ActiveCfg = Debug|Any CPU
		{0309A474-19CD-468F-A622-F6F230897265}.Debug|x64.Build.0 = Debug|Any CPU
		{0309A474-19CD-468F-A622-F6F230897265}.Debug|x86.ActiveCfg = Debug|Any CPU
		{0309A474-19CD-468F-A622-F6F230897265}.Debug|x86.Build.0 = Debug|Any CPU
		{0309A474-19CD-468F-A622-F6F230897265}.Release|Any CPU.ActiveCfg = Release|Any CPU
		{0309A474-19CD-468F-A622-F6F230897265}.Release|Any CPU.Build.0 = Release|Any CPU
		{0309A474-19CD-468F-A622-F6F230897265}.Release|x64.ActiveCfg = Release|Any CPU
		{0309A474-19CD-468F-A622-F6F230897265}.Release|x64.Build.0 = Release|Any CPU
		{0309A474-19CD-468F-A622-F6F230897265}.Release|x86.ActiveCfg = Release|Any CPU
		{0309A474-19CD-468F-A622-F6F230897265}.Release|x86.Build.0 = Release|Any CPU
		{19B87170-925D-45E8-AE88-56C75C03482A}.Debug|Any CPU.ActiveCfg = Debug|Any CPU
		{19B87170-925D-45E8-AE88-56C75C03482A}.Debug|Any CPU.Build.0 = Debug|Any CPU
		{19B87170-925D-45E8-AE88-56C75C03482A}.Debug|x64.ActiveCfg = Debug|Any CPU
		{19B87170-925D-45E8-AE88-56C75C03482A}.Debug|x64.Build.0 = Debug|Any CPU
		{19B87170-925D-45E8-AE88-56C75C03482A}.Debug|x86.ActiveCfg = Debug|Any CPU
		{19B87170-925D-45E8-AE88-56C75C03482A}.Debug|x86.Build.0 = Debug|Any CPU
		{19B87170-925D-45E8-AE88-56C75C03482A}.Release|Any CPU.ActiveCfg = Release|Any CPU
		{19B87170-925D-45E8-AE88-56C75C03482A}.Release|Any CPU.Build.0 = Release|Any CPU
		{19B87170-925D-45E8-AE88-56C75C03482A}.Release|x64.ActiveCfg = Release|Any CPU
		{19B87170-925D-45E8-AE88-56C75C03482A}.Release|x64.Build.0 = Release|Any CPU
		{19B87170-925D-45E8-AE88-56C75C03482A}.Release|x86.ActiveCfg = Release|Any CPU
		{19B87170-925D-45E8-AE88-56C75C03482A}.Release|x86.Build.0 = Release|Any CPU
		{6EEEC210-97D4-4F9A-9E5E-9E4602C32E52}.Debug|Any CPU.ActiveCfg = Debug|Any CPU
		{6EEEC210-97D4-4F9A-9E5E-9E4602C32E52}.Debug|Any CPU.Build.0 = Debug|Any CPU
		{6EEEC210-97D4-4F9A-9E5E-9E4602C32E52}.Debug|x64.ActiveCfg = Debug|Any CPU
		{6EEEC210-97D4-4F9A-9E5E-9E4602C32E52}.Debug|x64.Build.0 = Debug|Any CPU
		{6EEEC210-97D4-4F9A-9E5E-9E4602C32E52}.Debug|x86.ActiveCfg = Debug|Any CPU
		{6EEEC210-97D4-4F9A-9E5E-9E4602C32E52}.Debug|x86.Build.0 = Debug|Any CPU
		{6EEEC210-97D4-4F9A-9E5E-9E4602C32E52}.Release|Any CPU.ActiveCfg = Release|Any CPU
		{6EEEC210-97D4-4F9A-9E5E-9E4602C32E52}.Release|Any CPU.Build.0 = Release|Any CPU
		{6EEEC210-97D4-4F9A-9E5E-9E4602C32E52}.Release|x64.ActiveCfg = Release|Any CPU
		{6EEEC210-97D4-4F9A-9E5E-9E4602C32E52}.Release|x64.Build.0 = Release|Any CPU
		{6EEEC210-97D4-4F9A-9E5E-9E4602C32E52}.Release|x86.ActiveCfg = Release|Any CPU
		{6EEEC210-97D4-4F9A-9E5E-9E4602C32E52}.Release|x86.Build.0 = Release|Any CPU
		{53E80133-D9FD-445F-B548-7C7081CDBB26}.Debug|Any CPU.ActiveCfg = Debug|Any CPU
		{53E80133-D9FD-445F-B548-7C7081CDBB26}.Debug|Any CPU.Build.0 = Debug|Any CPU
		{53E80133-D9FD-445F-B548-7C7081CDBB26}.Debug|x64.ActiveCfg = Debug|Any CPU
		{53E80133-D9FD-445F-B548-7C7081CDBB26}.Debug|x64.Build.0 = Debug|Any CPU
		{53E80133-D9FD-445F-B548-7C7081CDBB26}.Debug|x86.ActiveCfg = Debug|Any CPU
		{53E80133-D9FD-445F-B548-7C7081CDBB26}.Debug|x86.Build.0 = Debug|Any CPU
		{53E80133-D9FD-445F-B548-7C7081CDBB26}.Release|Any CPU.ActiveCfg = Release|Any CPU
		{53E80133-D9FD-445F-B548-7C7081CDBB26}.Release|Any CPU.Build.0 = Release|Any CPU
		{53E80133-D9FD-445F-B548-7C7081CDBB26}.Release|x64.ActiveCfg = Release|Any CPU
		{53E80133-D9FD-445F-B548-7C7081CDBB26}.Release|x64.Build.0 = Release|Any CPU
		{53E80133-D9FD-445F-B548-7C7081CDBB26}.Release|x86.ActiveCfg = Release|Any CPU
		{53E80133-D9FD-445F-B548-7C7081CDBB26}.Release|x86.Build.0 = Release|Any CPU
		{30ABFE8C-3E8C-41DD-89FB-814EA123A55E}.Debug|Any CPU.ActiveCfg = Debug|Any CPU
		{30ABFE8C-3E8C-41DD-89FB-814EA123A55E}.Debug|Any CPU.Build.0 = Debug|Any CPU
		{30ABFE8C-3E8C-41DD-89FB-814EA123A55E}.Debug|x64.ActiveCfg = Debug|Any CPU
		{30ABFE8C-3E8C-41DD-89FB-814EA123A55E}.Debug|x64.Build.0 = Debug|Any CPU
		{30ABFE8C-3E8C-41DD-89FB-814EA123A55E}.Debug|x86.ActiveCfg = Debug|Any CPU
		{30ABFE8C-3E8C-41DD-89FB-814EA123A55E}.Debug|x86.Build.0 = Debug|Any CPU
		{30ABFE8C-3E8C-41DD-89FB-814EA123A55E}.Release|Any CPU.ActiveCfg = Release|Any CPU
		{30ABFE8C-3E8C-41DD-89FB-814EA123A55E}.Release|Any CPU.Build.0 = Release|Any CPU
		{30ABFE8C-3E8C-41DD-89FB-814EA123A55E}.Release|x64.ActiveCfg = Release|Any CPU
		{30ABFE8C-3E8C-41DD-89FB-814EA123A55E}.Release|x64.Build.0 = Release|Any CPU
		{30ABFE8C-3E8C-41DD-89FB-814EA123A55E}.Release|x86.ActiveCfg = Release|Any CPU
		{30ABFE8C-3E8C-41DD-89FB-814EA123A55E}.Release|x86.Build.0 = Release|Any CPU
		{8E402FF2-6B80-4CCD-99C7-B95D4030498C}.Debug|Any CPU.ActiveCfg = Debug|Any CPU
		{8E402FF2-6B80-4CCD-99C7-B95D4030498C}.Debug|Any CPU.Build.0 = Debug|Any CPU
		{8E402FF2-6B80-4CCD-99C7-B95D4030498C}.Debug|x64.ActiveCfg = Debug|Any CPU
		{8E402FF2-6B80-4CCD-99C7-B95D4030498C}.Debug|x64.Build.0 = Debug|Any CPU
		{8E402FF2-6B80-4CCD-99C7-B95D4030498C}.Debug|x86.ActiveCfg = Debug|Any CPU
		{8E402FF2-6B80-4CCD-99C7-B95D4030498C}.Debug|x86.Build.0 = Debug|Any CPU
		{8E402FF2-6B80-4CCD-99C7-B95D4030498C}.Release|Any CPU.ActiveCfg = Release|Any CPU
		{8E402FF2-6B80-4CCD-99C7-B95D4030498C}.Release|Any CPU.Build.0 = Release|Any CPU
		{8E402FF2-6B80-4CCD-99C7-B95D4030498C}.Release|x64.ActiveCfg = Release|Any CPU
		{8E402FF2-6B80-4CCD-99C7-B95D4030498C}.Release|x64.Build.0 = Release|Any CPU
		{8E402FF2-6B80-4CCD-99C7-B95D4030498C}.Release|x86.ActiveCfg = Release|Any CPU
		{8E402FF2-6B80-4CCD-99C7-B95D4030498C}.Release|x86.Build.0 = Release|Any CPU
		{3D715368-242A-479D-A7FB-FDE5BAC16B99}.Debug|Any CPU.ActiveCfg = Debug|Any CPU
		{3D715368-242A-479D-A7FB-FDE5BAC16B99}.Debug|Any CPU.Build.0 = Debug|Any CPU
		{3D715368-242A-479D-A7FB-FDE5BAC16B99}.Debug|x64.ActiveCfg = Debug|Any CPU
		{3D715368-242A-479D-A7FB-FDE5BAC16B99}.Debug|x64.Build.0 = Debug|Any CPU
		{3D715368-242A-479D-A7FB-FDE5BAC16B99}.Debug|x86.ActiveCfg = Debug|Any CPU
		{3D715368-242A-479D-A7FB-FDE5BAC16B99}.Debug|x86.Build.0 = Debug|Any CPU
		{3D715368-242A-479D-A7FB-FDE5BAC16B99}.Release|Any CPU.ActiveCfg = Release|Any CPU
		{3D715368-242A-479D-A7FB-FDE5BAC16B99}.Release|Any CPU.Build.0 = Release|Any CPU
		{3D715368-242A-479D-A7FB-FDE5BAC16B99}.Release|x64.ActiveCfg = Release|Any CPU
		{3D715368-242A-479D-A7FB-FDE5BAC16B99}.Release|x64.Build.0 = Release|Any CPU
		{3D715368-242A-479D-A7FB-FDE5BAC16B99}.Release|x86.ActiveCfg = Release|Any CPU
		{3D715368-242A-479D-A7FB-FDE5BAC16B99}.Release|x86.Build.0 = Release|Any CPU
		{FF11955E-C0CC-4CB2-B877-6B82D3CB6E05}.Debug|Any CPU.ActiveCfg = Debug|Any CPU
		{FF11955E-C0CC-4CB2-B877-6B82D3CB6E05}.Debug|Any CPU.Build.0 = Debug|Any CPU
		{FF11955E-C0CC-4CB2-B877-6B82D3CB6E05}.Debug|x64.ActiveCfg = Debug|Any CPU
		{FF11955E-C0CC-4CB2-B877-6B82D3CB6E05}.Debug|x64.Build.0 = Debug|Any CPU
		{FF11955E-C0CC-4CB2-B877-6B82D3CB6E05}.Debug|x86.ActiveCfg = Debug|Any CPU
		{FF11955E-C0CC-4CB2-B877-6B82D3CB6E05}.Debug|x86.Build.0 = Debug|Any CPU
		{FF11955E-C0CC-4CB2-B877-6B82D3CB6E05}.Release|Any CPU.ActiveCfg = Release|Any CPU
		{FF11955E-C0CC-4CB2-B877-6B82D3CB6E05}.Release|Any CPU.Build.0 = Release|Any CPU
		{FF11955E-C0CC-4CB2-B877-6B82D3CB6E05}.Release|x64.ActiveCfg = Release|Any CPU
		{FF11955E-C0CC-4CB2-B877-6B82D3CB6E05}.Release|x64.Build.0 = Release|Any CPU
		{FF11955E-C0CC-4CB2-B877-6B82D3CB6E05}.Release|x86.ActiveCfg = Release|Any CPU
		{FF11955E-C0CC-4CB2-B877-6B82D3CB6E05}.Release|x86.Build.0 = Release|Any CPU
		{34B55FF9-F43E-4C2E-BE39-D642C7340E47}.Debug|Any CPU.ActiveCfg = Debug|Any CPU
		{34B55FF9-F43E-4C2E-BE39-D642C7340E47}.Debug|Any CPU.Build.0 = Debug|Any CPU
		{34B55FF9-F43E-4C2E-BE39-D642C7340E47}.Debug|x64.ActiveCfg = Debug|Any CPU
		{34B55FF9-F43E-4C2E-BE39-D642C7340E47}.Debug|x64.Build.0 = Debug|Any CPU
		{34B55FF9-F43E-4C2E-BE39-D642C7340E47}.Debug|x86.ActiveCfg = Debug|Any CPU
		{34B55FF9-F43E-4C2E-BE39-D642C7340E47}.Debug|x86.Build.0 = Debug|Any CPU
		{34B55FF9-F43E-4C2E-BE39-D642C7340E47}.Release|Any CPU.ActiveCfg = Release|Any CPU
		{34B55FF9-F43E-4C2E-BE39-D642C7340E47}.Release|Any CPU.Build.0 = Release|Any CPU
		{34B55FF9-F43E-4C2E-BE39-D642C7340E47}.Release|x64.ActiveCfg = Release|Any CPU
		{34B55FF9-F43E-4C2E-BE39-D642C7340E47}.Release|x64.Build.0 = Release|Any CPU
		{34B55FF9-F43E-4C2E-BE39-D642C7340E47}.Release|x86.ActiveCfg = Release|Any CPU
		{34B55FF9-F43E-4C2E-BE39-D642C7340E47}.Release|x86.Build.0 = Release|Any CPU
	EndGlobalSection
	GlobalSection(SolutionProperties) = preSolution
		HideSolutionNode = FALSE
	EndGlobalSection
EndGlobal
